{
  "name": "use-valid-input",
  "version": "0.1.0",
  "lockfileVersion": 2,
  "requires": true,
  "packages": {
    "": {
      "name": "use-valid-input",
      "version": "0.1.0",
      "license": "MIT",
      "dependencies": {
        "assign-variable": "^0.4.0",
        "react": "^18.2.0",
        "string-spec": "^0.2.0",
        "types.js": "^1.9.5"
      }
    },
    "node_modules/@sygn/has-unicode": {
      "version": "0.1.1",
      "resolved": "https://registry.npmjs.org/@sygn/has-unicode/-/has-unicode-0.1.1.tgz",
      "integrity": "sha512-mRm6OpJlHkUVcT7VXu2LVhVAgJbOJq+MjkadY2XsiGPBeaYBNKHweyr7HIUisp0TzkNgZPjziI4Q2+TlHEDF9w==",
      "dependencies": {
        "message-events": "^0.4.0",
        "types.js": "^1.9.4"
      }
    },
    "node_modules/@sygn/not-included-characters": {
      "version": "1.0.0",
      "resolved": "https://registry.npmjs.org/@sygn/not-included-characters/-/not-included-characters-1.0.0.tgz",
      "integrity": "sha512-kThK2YFteZh8jtE85feS9Oq/9SBAT8WsxRG2Jv1ToID8cIHFUssfU+CNAeyWlWcKMFbqDpzOTKFY51nJ3wn2kw==",
      "dependencies": {
        "message-events": "^0.4.0",
        "types.js": "^1.9.4"
      }
    },
    "node_modules/assign-variable": {
      "version": "0.4.0",
      "resolved": "https://registry.npmjs.org/assign-variable/-/assign-variable-0.4.0.tgz",
      "integrity": "sha512-TVfuNIWvyIXW8GjBsYk1xYsUDzYWIzJsvM8bjOv4Ci4et1dgwPl/HKSuwgWeMuBnfXwE70GUt4++zhf/1uqtnQ==",
      "dependencies": {
        "message-events": "^0.4.0",
        "types.js": "^1.9.4"
      }
    },
    "node_modules/js-tokens": {
      "version": "4.0.0",
      "resolved": "https://registry.npmjs.org/js-tokens/-/js-tokens-4.0.0.tgz",
      "integrity": "sha512-RdJUflcE3cUzKiMqQgsCu06FPu9UdIJO0beYbPhHN4k6apgJtifcoCtT9bcxOpYBtpD2kCM6Sbzg4CausW/PKQ=="
    },
    "node_modules/loose-envify": {
      "version": "1.4.0",
      "resolved": "https://registry.npmjs.org/loose-envify/-/loose-envify-1.4.0.tgz",
      "integrity": "sha512-lyuxPGr/Wfhrlem2CL/UcnUc1zcqKAImBDzukY7Y5F/yQiNdko6+fRLevlw1HgMySw7f611UIY408EtxRSoK3Q==",
      "dependencies": {
        "js-tokens": "^3.0.0 || ^4.0.0"
      },
      "bin": {
        "loose-envify": "cli.js"
      }
    },
    "node_modules/message-events": {
      "version": "0.4.0",
      "resolved": "https://registry.npmjs.org/message-events/-/message-events-0.4.0.tgz",
      "integrity": "sha512-GOR1fSEtD1YZ6ferTwh6Wo+q4bK0aXvbiuBttqbX9MdcU0ny03+lhVytrFOTD3tG4uLvqDddFyRGepdiuI4n1w==",
      "dependencies": {
        "types.js": "^1.9.3"
      }
    },
    "node_modules/react": {
      "version": "18.2.0",
      "resolved": "https://registry.npmjs.org/react/-/react-18.2.0.tgz",
      "integrity": "sha512-/3IjMdb2L9QbBdWiW5e3P2/npwMBaU9mHCSCUzNln0ZCYbcfTsGbTJrU/kGemdH2IWmB2ioZ+zkxtmq6g09fGQ==",
      "dependencies": {
        "loose-envify": "^1.1.0"
      },
      "engines": {
        "node": ">=0.10.0"
      }
    },
    "node_modules/string-intersection": {
      "version": "0.2.0",
      "resolved": "https://registry.npmjs.org/string-intersection/-/string-intersection-0.2.0.tgz",
      "integrity": "sha512-qqbz7uiuwlJHIpVgDHJmb3qOXoGIsV0DlzGkfDKzYDG825V7Lj7LcGBmYkVbubfAVEjWc5CiyRwENhwRRYA7/A==",
      "dependencies": {
        "message-events": "^0.4.0",
        "types.js": "^1.9.4"
      }
    },
    "node_modules/string-spec": {
      "version": "0.2.0",
      "resolved": "https://registry.npmjs.org/string-spec/-/string-spec-0.2.0.tgz",
      "integrity": "sha512-oLikjDq/bWp0xL94mZUxkG22hgGUn7Mzchz0rjxEamme1mE1CZvlONTUNWwvRL+myMi05AIbyV2dd+d4Yks0AA==",
      "dependencies": {
        "@sygn/has-unicode": "latest",
        "@sygn/not-included-characters": "latest",
        "assign-variable": "latest",
        "message-events": "latest",
        "string-intersection": "latest",
        "types.js": "latest"
      }
    },
    "node_modules/types.js": {
      "version": "1.9.5",
      "resolved": "https://registry.npmjs.org/types.js/-/types.js-1.9.5.tgz",
      "integrity": "sha512-FFBX+14ze6YpvxOgQtl4mK2M7pzAshv9zB3pQe/dlbwTccGqFQdFtrxkKEHMiIk0ttbhHIU5GE6D4GxHbf776g=="
    }
  },
  "dependencies": {
    "@sygn/has-unicode": {
      "version": "0.1.1",
      "resolved": "https://registry.npmjs.org/@sygn/has-unicode/-/has-unicode-0.1.1.tgz",
      "integrity": "sha512-mRm6OpJlHkUVcT7VXu2LVhVAgJbOJq+MjkadY2XsiGPBeaYBNKHweyr7HIUisp0TzkNgZPjziI4Q2+TlHEDF9w==",
      "requires": {
        "message-events": "^0.4.0",
        "types.js": "^1.9.4"
      }
    },
    "@sygn/not-included-characters": {
      "version": "1.0.0",
      "resolved": "https://registry.npmjs.org/@sygn/not-included-characters/-/not-included-characters-1.0.0.tgz",
      "integrity": "sha512-kThK2YFteZh8jtE85feS9Oq/9SBAT8WsxRG2Jv1ToID8cIHFUssfU+CNAeyWlWcKMFbqDpzOTKFY51nJ3wn2kw==",
      "requires": {
        "message-events": "^0.4.0",
        "types.js": "^1.9.4"
      }
    },
    "assign-variable": {
      "version": "0.4.0",
      "resolved": "https://registry.npmjs.org/assign-variable/-/assign-variable-0.4.0.tgz",
      "integrity": "sha512-TVfuNIWvyIXW8GjBsYk1xYsUDzYWIzJsvM8bjOv4Ci4et1dgwPl/HKSuwgWeMuBnfXwE70GUt4++zhf/1uqtnQ==",
      "requires": {
        "message-events": "^0.4.0",
        "types.js": "^1.9.4"
      }
    },
    "js-tokens": {
      "version": "4.0.0",
      "resolved": "https://registry.npmjs.org/js-tokens/-/js-tokens-4.0.0.tgz",
      "integrity": "sha512-RdJUflcE3cUzKiMqQgsCu06FPu9UdIJO0beYbPhHN4k6apgJtifcoCtT9bcxOpYBtpD2kCM6Sbzg4CausW/PKQ=="
    },
    "loose-envify": {
      "version": "1.4.0",
      "resolved": "https://registry.npmjs.org/loose-envify/-/loose-envify-1.4.0.tgz",
      "integrity": "sha512-lyuxPGr/Wfhrlem2CL/UcnUc1zcqKAImBDzukY7Y5F/yQiNdko6+fRLevlw1HgMySw7f611UIY408EtxRSoK3Q==",
      "requires": {
        "js-tokens": "^3.0.0 || ^4.0.0"
      }
    },
    "message-events": {
      "version": "0.4.0",
      "resolved": "https://registry.npmjs.org/message-events/-/message-events-0.4.0.tgz",
      "integrity": "sha512-GOR1fSEtD1YZ6ferTwh6Wo+q4bK0aXvbiuBttqbX9MdcU0ny03+lhVytrFOTD3tG4uLvqDddFyRGepdiuI4n1w==",
      "requires": {
        "types.js": "^1.9.3"
      }
    },
    "react": {
      "version": "18.2.0",
      "resolved": "https://registry.npmjs.org/react/-/react-18.2.0.tgz",
      "integrity": "sha512-/3IjMdb2L9QbBdWiW5e3P2/npwMBaU9mHCSCUzNln0ZCYbcfTsGbTJrU/kGemdH2IWmB2ioZ+zkxtmq6g09fGQ==",
      "requires": {
        "loose-envify": "^1.1.0"
      }
    },
    "string-intersection": {
      "version": "0.2.0",
      "resolved": "https://registry.npmjs.org/string-intersection/-/string-intersection-0.2.0.tgz",
      "integrity": "sha512-qqbz7uiuwlJHIpVgDHJmb3qOXoGIsV0DlzGkfDKzYDG825V7Lj7LcGBmYkVbubfAVEjWc5CiyRwENhwRRYA7/A==",
      "requires": {
        "message-events": "^0.4.0",
        "types.js": "^1.9.4"
      }
    },
    "string-spec": {
      "version": "0.2.0",
      "resolved": "https://registry.npmjs.org/string-spec/-/string-spec-0.2.0.tgz",
      "integrity": "sha512-oLikjDq/bWp0xL94mZUxkG22hgGUn7Mzchz0rjxEamme1mE1CZvlONTUNWwvRL+myMi05AIbyV2dd+d4Yks0AA==",
      "requires": {
        "@sygn/has-unicode": "latest",
        "@sygn/not-included-characters": "latest",
        "assign-variable": "latest",
        "message-events": "latest",
        "string-intersection": "latest",
        "types.js": "latest"
      }
    },
    "types.js": {
      "version": "1.9.5",
      "resolved": "https://registry.npmjs.org/types.js/-/types.js-1.9.5.tgz",
      "integrity": "sha512-FFBX+14ze6YpvxOgQtl4mK2M7pzAshv9zB3pQe/dlbwTccGqFQdFtrxkKEHMiIk0ttbhHIU5GE6D4GxHbf776g=="
    }
  }
}
